
Microsoft Visual Studio Solution File, Format Version 12.00
# Visual Studio Version 17
VisualStudioVersion = 17.11.35327.3
MinimumVisualStudioVersion = 10.0.40219.1
Project("{9A19103F-16F7-4668-BE54-9A1E7A4F7556}") = "FitBuddy.API", "FitBuddy.API\FitBuddy.API.csproj", "{8C3E5CA4-8106-4CF1-A17A-883CC8E9DAF3}"
EndProject
Project("{FAE04EC0-301F-11D3-BF4B-00C04F79EFBC}") = "FitBuddy.ApplicationServer", "FitBuddy.ApplicationServer\FitBuddy.ApplicationServer.csproj", "{AB402E6E-2577-48B1-9954-05688E927461}"
EndProject
Project("{FAE04EC0-301F-11D3-BF4B-00C04F79EFBC}") = "FitBuddy.Core", "FitBuddy.Core\FitBuddy.Core.csproj", "{09627ECF-DBAC-49D1-9321-00C7FC497395}"
EndProject
Project("{FAE04EC0-301F-11D3-BF4B-00C04F79EFBC}") = "FitBuddy.Infrastructure", "FitBuddy.Infrastructure\FitBuddy.Infrastructure.csproj", "{33AAB0F9-A488-48C4-8F09-CA5FEB564A2C}"
EndProject
Global
	GlobalSection(SolutionConfigurationPlatforms) = preSolution
		Debug|Any CPU = Debug|Any CPU
		Release|Any CPU = Release|Any CPU
	EndGlobalSection
	GlobalSection(ProjectConfigurationPlatforms) = postSolution
		{8C3E5CA4-8106-4CF1-A17A-883CC8E9DAF3}.Debug|Any CPU.ActiveCfg = Debug|Any CPU
		{8C3E5CA4-8106-4CF1-A17A-883CC8E9DAF3}.Debug|Any CPU.Build.0 = Debug|Any CPU
		{8C3E5CA4-8106-4CF1-A17A-883CC8E9DAF3}.Release|Any CPU.ActiveCfg = Release|Any CPU
		{8C3E5CA4-8106-4CF1-A17A-883CC8E9DAF3}.Release|Any CPU.Build.0 = Release|Any CPU
		{AB402E6E-2577-48B1-9954-05688E927461}.Debug|Any CPU.ActiveCfg = Debug|Any CPU
		{AB402E6E-2577-48B1-9954-05688E927461}.Debug|Any CPU.Build.0 = Debug|Any CPU
		{AB402E6E-2577-48B1-9954-05688E927461}.Release|Any CPU.ActiveCfg = Release|Any CPU
		{AB402E6E-2577-48B1-9954-05688E927461}.Release|Any CPU.Build.0 = Release|Any CPU
		{09627ECF-DBAC-49D1-9321-00C7FC497395}.Debug|Any CPU.ActiveCfg = Debug|Any CPU
		{09627ECF-DBAC-49D1-9321-00C7FC497395}.Debug|Any CPU.Build.0 = Debug|Any CPU
		{09627ECF-DBAC-49D1-9321-00C7FC497395}.Release|Any CPU.ActiveCfg = Release|Any CPU
		{09627ECF-DBAC-49D1-9321-00C7FC497395}.Release|Any CPU.Build.0 = Release|Any CPU
		{33AAB0F9-A488-48C4-8F09-CA5FEB564A2C}.Debug|Any CPU.ActiveCfg = Debug|Any CPU
		{33AAB0F9-A488-48C4-8F09-CA5FEB564A2C}.Debug|Any CPU.Build.0 = Debug|Any CPU
		{33AAB0F9-A488-48C4-8F09-CA5FEB564A2C}.Release|Any CPU.ActiveCfg = Release|Any CPU
		{33AAB0F9-A488-48C4-8F09-CA5FEB564A2C}.Release|Any CPU.Build.0 = Release|Any CPU
	EndGlobalSection
	GlobalSection(SolutionProperties) = preSolution
		HideSolutionNode = FALSE
	EndGlobalSection
	GlobalSection(ExtensibilityGlobals) = postSolution
		SolutionGuid = {DC07F4B5-96C4-49EA-B22F-6EF1EC2BE980}
	EndGlobalSection
EndGlobal
